// !$*UTF8*$!
{
	archiveVersion = 1;
	classes = {
	};
	objectVersion = 48;
	objects = {

/* Begin PBXBuildFile section */
		5DE966A0B8AD8E056C45F629 /* Pods_CodingMadeEasyProject.framework in Frameworks */ = {isa = PBXBuildFile; fileRef = F962CF0C4785F83DF44077C8 /* Pods_CodingMadeEasyProject.framework */; };
		890C18E8201F419F00216E88 /* FeedbackVC.swift in Sources */ = {isa = PBXBuildFile; fileRef = 890C18E7201F419F00216E88 /* FeedbackVC.swift */; };
		8910C4F8207194FD009E5BC7 /* lesson1.mp4 in Resources */ = {isa = PBXBuildFile; fileRef = 8910C4F7207194FD009E5BC7 /* lesson1.mp4 */; };
		8910C4FD20724029009E5BC7 /* Post.swift in Sources */ = {isa = PBXBuildFile; fileRef = 8910C4FC20724029009E5BC7 /* Post.swift */; };
		8921F49C1FA10B5600A2F639 /* HomeVC.swift in Sources */ = {isa = PBXBuildFile; fileRef = 8921F49B1FA10B5600A2F639 /* HomeVC.swift */; };
		8922B055200E2771000BFF34 /* Lesson.swift in Sources */ = {isa = PBXBuildFile; fileRef = 8922B054200E2771000BFF34 /* Lesson.swift */; };
		8922B057200E297A000BFF34 /* LessonTableViewCell.swift in Sources */ = {isa = PBXBuildFile; fileRef = 8922B056200E297A000BFF34 /* LessonTableViewCell.swift */; };
		89294A6A201A445C007E5A6B /* WritePostVC.swift in Sources */ = {isa = PBXBuildFile; fileRef = 89294A69201A445C007E5A6B /* WritePostVC.swift */; };
		89294A6C201A46BC007E5A6B /* ViewPostVC.swift in Sources */ = {isa = PBXBuildFile; fileRef = 89294A6B201A46BC007E5A6B /* ViewPostVC.swift */; };
		893137E0207158FD001DA238 /* lesson1.mp3 in Resources */ = {isa = PBXBuildFile; fileRef = 893137DF207158FC001DA238 /* lesson1.mp3 */; };
		8951058D2020A1DC0056ED78 /* sampleAudio.mp3 in Resources */ = {isa = PBXBuildFile; fileRef = 8951058B2020A17A0056ED78 /* sampleAudio.mp3 */; };
		89580DDF2016045F00E45FC8 /* ForumTableViewCell.swift in Sources */ = {isa = PBXBuildFile; fileRef = 89580DDE2016045F00E45FC8 /* ForumTableViewCell.swift */; };
		895E2060201F8D8000152F9F /* IndividualLessonsVC.swift in Sources */ = {isa = PBXBuildFile; fileRef = 895E205F201F8D8000152F9F /* IndividualLessonsVC.swift */; };
		895E2063201FC0B700152F9F /* ReadVC.swift in Sources */ = {isa = PBXBuildFile; fileRef = 895E2062201FC0B700152F9F /* ReadVC.swift */; };
		895E2065201FC0C700152F9F /* ListenVC.swift in Sources */ = {isa = PBXBuildFile; fileRef = 895E2064201FC0C700152F9F /* ListenVC.swift */; };
		895E2067201FC0D600152F9F /* WatchVC.swift in Sources */ = {isa = PBXBuildFile; fileRef = 895E2066201FC0D600152F9F /* WatchVC.swift */; };
		895E2069201FC0E000152F9F /* DoVC.swift in Sources */ = {isa = PBXBuildFile; fileRef = 895E2068201FC0E000152F9F /* DoVC.swift */; };
		895E206C20208CC300152F9F /* sampleVideo.mp4 in Resources */ = {isa = PBXBuildFile; fileRef = 895E206B2020899900152F9F /* sampleVideo.mp4 */; };
		89B048B61FF50F440019A304 /* SettingsVC.swift in Sources */ = {isa = PBXBuildFile; fileRef = 89B048B51FF50F440019A304 /* SettingsVC.swift */; };
		89B048B81FF50F5E0019A304 /* ForumVC.swift in Sources */ = {isa = PBXBuildFile; fileRef = 89B048B71FF50F5E0019A304 /* ForumVC.swift */; };
		89B048BA1FF50F880019A304 /* LessonsVC.swift in Sources */ = {isa = PBXBuildFile; fileRef = 89B048B91FF50F880019A304 /* LessonsVC.swift */; };
		89B048BD1FF52CE70019A304 /* CompleteSignupVC.swift in Sources */ = {isa = PBXBuildFile; fileRef = 89B048BC1FF52CE70019A304 /* CompleteSignupVC.swift */; };
		89E2D7452014C0C600C9AFA3 /* FAQVC.swift in Sources */ = {isa = PBXBuildFile; fileRef = 89E2D7442014C0C600C9AFA3 /* FAQVC.swift */; };
		89E35C962073DF370046BE43 /* Comment.swift in Sources */ = {isa = PBXBuildFile; fileRef = 89E35C952073DF370046BE43 /* Comment.swift */; };
		89F94B191F9E6AAE00B82D44 /* AppDelegate.swift in Sources */ = {isa = PBXBuildFile; fileRef = 89F94B181F9E6AAE00B82D44 /* AppDelegate.swift */; };
		89F94B1B1F9E6AAE00B82D44 /* LoginVC.swift in Sources */ = {isa = PBXBuildFile; fileRef = 89F94B1A1F9E6AAE00B82D44 /* LoginVC.swift */; };
		89F94B1E1F9E6AAE00B82D44 /* Main.storyboard in Resources */ = {isa = PBXBuildFile; fileRef = 89F94B1C1F9E6AAE00B82D44 /* Main.storyboard */; };
		89F94B201F9E6AAE00B82D44 /* Assets.xcassets in Resources */ = {isa = PBXBuildFile; fileRef = 89F94B1F1F9E6AAE00B82D44 /* Assets.xcassets */; };
		89F94B231F9E6AAE00B82D44 /* LaunchScreen.storyboard in Resources */ = {isa = PBXBuildFile; fileRef = 89F94B211F9E6AAE00B82D44 /* LaunchScreen.storyboard */; };
		89F94B2B1F9E6B0000B82D44 /* earwig-factory.regular.ttf in Resources */ = {isa = PBXBuildFile; fileRef = 89F94B2A1F9E6B0000B82D44 /* earwig-factory.regular.ttf */; };
		89F94B2E1F9E917000B82D44 /* GoogleService-Info.plist in Resources */ = {isa = PBXBuildFile; fileRef = 89F94B2D1F9E917000B82D44 /* GoogleService-Info.plist */; };
		89FF36BA2073CFBF00F80C34 /* ViewPostCommentsTableViewCell.swift in Sources */ = {isa = PBXBuildFile; fileRef = 89FF36B92073CFBF00F80C34 /* ViewPostCommentsTableViewCell.swift */; };
/* End PBXBuildFile section */

/* Begin PBXFileReference section */
		093188470B553A5199259F34 /* Pods-CodingMadeEasyProject.debug.xcconfig */ = {isa = PBXFileReference; includeInIndex = 1; lastKnownFileType = text.xcconfig; name = "Pods-CodingMadeEasyProject.debug.xcconfig"; path = "Pods/Target Support Files/Pods-CodingMadeEasyProject/Pods-CodingMadeEasyProject.debug.xcconfig"; sourceTree = "<group>"; };
		8812A6F1CF2ED428023DD8A2 /* Pods-CodingMadeEasyProject.release.xcconfig */ = {isa = PBXFileReference; includeInIndex = 1; lastKnownFileType = text.xcconfig; name = "Pods-CodingMadeEasyProject.release.xcconfig"; path = "Pods/Target Support Files/Pods-CodingMadeEasyProject/Pods-CodingMadeEasyProject.release.xcconfig"; sourceTree = "<group>"; };
		890C18E7201F419F00216E88 /* FeedbackVC.swift */ = {isa = PBXFileReference; lastKnownFileType = sourcecode.swift; path = FeedbackVC.swift; sourceTree = "<group>"; };
		8910C4F7207194FD009E5BC7 /* lesson1.mp4 */ = {isa = PBXFileReference; lastKnownFileType = file; path = lesson1.mp4; sourceTree = "<group>"; };
		8910C4FC20724029009E5BC7 /* Post.swift */ = {isa = PBXFileReference; lastKnownFileType = sourcecode.swift; path = Post.swift; sourceTree = "<group>"; };
		8921F49B1FA10B5600A2F639 /* HomeVC.swift */ = {isa = PBXFileReference; lastKnownFileType = sourcecode.swift; path = HomeVC.swift; sourceTree = "<group>"; };
		8922B054200E2771000BFF34 /* Lesson.swift */ = {isa = PBXFileReference; lastKnownFileType = sourcecode.swift; path = Lesson.swift; sourceTree = "<group>"; };
		8922B056200E297A000BFF34 /* LessonTableViewCell.swift */ = {isa = PBXFileReference; lastKnownFileType = sourcecode.swift; path = LessonTableViewCell.swift; sourceTree = "<group>"; };
		89294A69201A445C007E5A6B /* WritePostVC.swift */ = {isa = PBXFileReference; lastKnownFileType = sourcecode.swift; path = WritePostVC.swift; sourceTree = "<group>"; };
		89294A6B201A46BC007E5A6B /* ViewPostVC.swift */ = {isa = PBXFileReference; lastKnownFileType = sourcecode.swift; path = ViewPostVC.swift; sourceTree = "<group>"; };
		893137DF207158FC001DA238 /* lesson1.mp3 */ = {isa = PBXFileReference; lastKnownFileType = audio.mp3; path = lesson1.mp3; sourceTree = "<group>"; };
		8951058B2020A17A0056ED78 /* sampleAudio.mp3 */ = {isa = PBXFileReference; lastKnownFileType = audio.mp3; path = sampleAudio.mp3; sourceTree = "<group>"; };
		89580DDE2016045F00E45FC8 /* ForumTableViewCell.swift */ = {isa = PBXFileReference; lastKnownFileType = sourcecode.swift; path = ForumTableViewCell.swift; sourceTree = "<group>"; };
		895E205F201F8D8000152F9F /* IndividualLessonsVC.swift */ = {isa = PBXFileReference; lastKnownFileType = sourcecode.swift; path = IndividualLessonsVC.swift; sourceTree = "<group>"; };
		895E2062201FC0B700152F9F /* ReadVC.swift */ = {isa = PBXFileReference; lastKnownFileType = sourcecode.swift; path = ReadVC.swift; sourceTree = "<group>"; };
		895E2064201FC0C700152F9F /* ListenVC.swift */ = {isa = PBXFileReference; lastKnownFileType = sourcecode.swift; path = ListenVC.swift; sourceTree = "<group>"; };
		895E2066201FC0D600152F9F /* WatchVC.swift */ = {isa = PBXFileReference; lastKnownFileType = sourcecode.swift; path = WatchVC.swift; sourceTree = "<group>"; };
		895E2068201FC0E000152F9F /* DoVC.swift */ = {isa = PBXFileReference; lastKnownFileType = sourcecode.swift; path = DoVC.swift; sourceTree = "<group>"; };
		895E206B2020899900152F9F /* sampleVideo.mp4 */ = {isa = PBXFileReference; lastKnownFileType = file; path = sampleVideo.mp4; sourceTree = "<group>"; };
		89B048B51FF50F440019A304 /* SettingsVC.swift */ = {isa = PBXFileReference; lastKnownFileType = sourcecode.swift; path = SettingsVC.swift; sourceTree = "<group>"; };
		89B048B71FF50F5E0019A304 /* ForumVC.swift */ = {isa = PBXFileReference; lastKnownFileType = sourcecode.swift; path = ForumVC.swift; sourceTree = "<group>"; };
		89B048B91FF50F880019A304 /* LessonsVC.swift */ = {isa = PBXFileReference; lastKnownFileType = sourcecode.swift; path = LessonsVC.swift; sourceTree = "<group>"; };
		89B048BC1FF52CE70019A304 /* CompleteSignupVC.swift */ = {isa = PBXFileReference; lastKnownFileType = sourcecode.swift; path = CompleteSignupVC.swift; sourceTree = "<group>"; };
		89E2D7442014C0C600C9AFA3 /* FAQVC.swift */ = {isa = PBXFileReference; lastKnownFileType = sourcecode.swift; path = FAQVC.swift; sourceTree = "<group>"; };
		89E35C952073DF370046BE43 /* Comment.swift */ = {isa = PBXFileReference; lastKnownFileType = sourcecode.swift; path = Comment.swift; sourceTree = "<group>"; };
		89F94B151F9E6AAE00B82D44 /* CodingMadeEasyProject.app */ = {isa = PBXFileReference; explicitFileType = wrapper.application; includeInIndex = 0; path = CodingMadeEasyProject.app; sourceTree = BUILT_PRODUCTS_DIR; };
		89F94B181F9E6AAE00B82D44 /* AppDelegate.swift */ = {isa = PBXFileReference; lastKnownFileType = sourcecode.swift; path = AppDelegate.swift; sourceTree = "<group>"; };
		89F94B1A1F9E6AAE00B82D44 /* LoginVC.swift */ = {isa = PBXFileReference; lastKnownFileType = sourcecode.swift; path = LoginVC.swift; sourceTree = "<group>"; };
		89F94B1D1F9E6AAE00B82D44 /* Base */ = {isa = PBXFileReference; lastKnownFileType = file.storyboard; name = Base; path = Base.lproj/Main.storyboard; sourceTree = "<group>"; };
		89F94B1F1F9E6AAE00B82D44 /* Assets.xcassets */ = {isa = PBXFileReference; lastKnownFileType = folder.assetcatalog; path = Assets.xcassets; sourceTree = "<group>"; };
		89F94B221F9E6AAE00B82D44 /* Base */ = {isa = PBXFileReference; lastKnownFileType = file.storyboard; name = Base; path = Base.lproj/LaunchScreen.storyboard; sourceTree = "<group>"; };
		89F94B241F9E6AAE00B82D44 /* Info.plist */ = {isa = PBXFileReference; lastKnownFileType = text.plist.xml; path = Info.plist; sourceTree = "<group>"; };
		89F94B2A1F9E6B0000B82D44 /* earwig-factory.regular.ttf */ = {isa = PBXFileReference; lastKnownFileType = file; name = "earwig-factory.regular.ttf"; path = "Resources/earwig-factory.regular.ttf"; sourceTree = "<group>"; };
		89F94B2D1F9E917000B82D44 /* GoogleService-Info.plist */ = {isa = PBXFileReference; fileEncoding = 4; lastKnownFileType = text.plist.xml; path = "GoogleService-Info.plist"; sourceTree = SOURCE_ROOT; };
		89FF36B92073CFBF00F80C34 /* ViewPostCommentsTableViewCell.swift */ = {isa = PBXFileReference; lastKnownFileType = sourcecode.swift; path = ViewPostCommentsTableViewCell.swift; sourceTree = "<group>"; };
		F962CF0C4785F83DF44077C8 /* Pods_CodingMadeEasyProject.framework */ = {isa = PBXFileReference; explicitFileType = wrapper.framework; includeInIndex = 0; path = Pods_CodingMadeEasyProject.framework; sourceTree = BUILT_PRODUCTS_DIR; };
/* End PBXFileReference section */

/* Begin PBXFrameworksBuildPhase section */
		89F94B121F9E6AAE00B82D44 /* Frameworks */ = {
			isa = PBXFrameworksBuildPhase;
			buildActionMask = 2147483647;
			files = (
				5DE966A0B8AD8E056C45F629 /* Pods_CodingMadeEasyProject.framework in Frameworks */,
			);
			runOnlyForDeploymentPostprocessing = 0;
		};
/* End PBXFrameworksBuildPhase section */

/* Begin PBXGroup section */
		61A599D635C682F8844F4079 /* Frameworks */ = {
			isa = PBXGroup;
			children = (
				F962CF0C4785F83DF44077C8 /* Pods_CodingMadeEasyProject.framework */,
			);
			name = Frameworks;
			sourceTree = "<group>";
		};
		8910C4F920723F6B009E5BC7 /* Model */ = {
			isa = PBXGroup;
			children = (
				8922B054200E2771000BFF34 /* Lesson.swift */,
				8910C4FC20724029009E5BC7 /* Post.swift */,
				89E35C952073DF370046BE43 /* Comment.swift */,
			);
			path = Model;
			sourceTree = "<group>";
		};
		8910C4FA20723F7D009E5BC7 /* Controller */ = {
			isa = PBXGroup;
			children = (
				8910C4FB20723FB9009E5BC7 /* Login_Home */,
				892E07F6200FC3AD00632A0D /* Lessons */,
				89E2D7462014C0DA00C9AFA3 /* Settings */,
				89E2D767201601DC00C9AFA3 /* Forum */,
			);
			path = Controller;
			sourceTree = "<group>";
		};
		8910C4FB20723FB9009E5BC7 /* Login_Home */ = {
			isa = PBXGroup;
			children = (
				89F94B1A1F9E6AAE00B82D44 /* LoginVC.swift */,
				8921F49B1FA10B5600A2F639 /* HomeVC.swift */,
				89B048BC1FF52CE70019A304 /* CompleteSignupVC.swift */,
			);
			path = Login_Home;
			sourceTree = "<group>";
		};
		892E07F6200FC3AD00632A0D /* Lessons */ = {
			isa = PBXGroup;
			children = (
				89B048B91FF50F880019A304 /* LessonsVC.swift */,
				8922B056200E297A000BFF34 /* LessonTableViewCell.swift */,
				895E205F201F8D8000152F9F /* IndividualLessonsVC.swift */,
				895E2062201FC0B700152F9F /* ReadVC.swift */,
				895E2064201FC0C700152F9F /* ListenVC.swift */,
				895E2066201FC0D600152F9F /* WatchVC.swift */,
				895E2068201FC0E000152F9F /* DoVC.swift */,
			);
			path = Lessons;
			sourceTree = "<group>";
		};
		895E2061201F96AC00152F9F /* Audio Files */ = {
			isa = PBXGroup;
			children = (
				893137DF207158FC001DA238 /* lesson1.mp3 */,
				8951058B2020A17A0056ED78 /* sampleAudio.mp3 */,
			);
			path = "Audio Files";
			sourceTree = "<group>";
		};
		895E206A2020898200152F9F /* Video Files */ = {
			isa = PBXGroup;
			children = (
				8910C4F7207194FD009E5BC7 /* lesson1.mp4 */,
				895E206B2020899900152F9F /* sampleVideo.mp4 */,
			);
			path = "Video Files";
			sourceTree = "<group>";
		};
		89E2D7462014C0DA00C9AFA3 /* Settings */ = {
			isa = PBXGroup;
			children = (
				89B048B51FF50F440019A304 /* SettingsVC.swift */,
				89E2D7442014C0C600C9AFA3 /* FAQVC.swift */,
				890C18E7201F419F00216E88 /* FeedbackVC.swift */,
			);
			path = Settings;
			sourceTree = "<group>";
		};
		89E2D767201601DC00C9AFA3 /* Forum */ = {
			isa = PBXGroup;
			children = (
				89B048B71FF50F5E0019A304 /* ForumVC.swift */,
				89580DDE2016045F00E45FC8 /* ForumTableViewCell.swift */,
				89294A69201A445C007E5A6B /* WritePostVC.swift */,
				89294A6B201A46BC007E5A6B /* ViewPostVC.swift */,
				89FF36B92073CFBF00F80C34 /* ViewPostCommentsTableViewCell.swift */,
			);
			path = Forum;
			sourceTree = "<group>";
		};
		89F94B0C1F9E6AAE00B82D44 = {
			isa = PBXGroup;
			children = (
				89F94B171F9E6AAE00B82D44 /* CodingMadeEasyProject */,
				89F94B161F9E6AAE00B82D44 /* Products */,
				E1228F83CDAD917DEBF70D4F /* Pods */,
				61A599D635C682F8844F4079 /* Frameworks */,
			);
			sourceTree = "<group>";
		};
		89F94B161F9E6AAE00B82D44 /* Products */ = {
			isa = PBXGroup;
			children = (
				89F94B151F9E6AAE00B82D44 /* CodingMadeEasyProject.app */,
			);
			name = Products;
			sourceTree = "<group>";
		};
		89F94B171F9E6AAE00B82D44 /* CodingMadeEasyProject */ = {
			isa = PBXGroup;
			children = (
				8910C4F920723F6B009E5BC7 /* Model */,
				8910C4FA20723F7D009E5BC7 /* Controller */,
				89F94B1C1F9E6AAE00B82D44 /* Main.storyboard */,
				89F94B211F9E6AAE00B82D44 /* LaunchScreen.storyboard */,
				89F94B181F9E6AAE00B82D44 /* AppDelegate.swift */,
				895E206A2020898200152F9F /* Video Files */,
				895E2061201F96AC00152F9F /* Audio Files */,
				89F94B1F1F9E6AAE00B82D44 /* Assets.xcassets */,
				89F94B2A1F9E6B0000B82D44 /* earwig-factory.regular.ttf */,
				89F94B241F9E6AAE00B82D44 /* Info.plist */,
				89F94B2D1F9E917000B82D44 /* GoogleService-Info.plist */,
			);
			path = CodingMadeEasyProject;
			sourceTree = "<group>";
		};
		E1228F83CDAD917DEBF70D4F /* Pods */ = {
			isa = PBXGroup;
			children = (
				093188470B553A5199259F34 /* Pods-CodingMadeEasyProject.debug.xcconfig */,
				8812A6F1CF2ED428023DD8A2 /* Pods-CodingMadeEasyProject.release.xcconfig */,
			);
			name = Pods;
			sourceTree = "<group>";
		};
/* End PBXGroup section */

/* Begin PBXNativeTarget section */
		89F94B141F9E6AAE00B82D44 /* CodingMadeEasyProject */ = {
			isa = PBXNativeTarget;
			buildConfigurationList = 89F94B271F9E6AAE00B82D44 /* Build configuration list for PBXNativeTarget "CodingMadeEasyProject" */;
			buildPhases = (
				726E4E52F549FFF1E7BFB110 /* [CP] Check Pods Manifest.lock */,
				89F94B111F9E6AAE00B82D44 /* Sources */,
				89F94B121F9E6AAE00B82D44 /* Frameworks */,
				89F94B131F9E6AAE00B82D44 /* Resources */,
				5CEB37A16198FAFFF855C81A /* [CP] Embed Pods Frameworks */,
				ADE57EB8A7C27F66C3F71B69 /* [CP] Copy Pods Resources */,
			);
			buildRules = (
			);
			dependencies = (
			);
			name = CodingMadeEasyProject;
			productName = CodingMadeEasyProject;
			productReference = 89F94B151F9E6AAE00B82D44 /* CodingMadeEasyProject.app */;
			productType = "com.apple.product-type.application";
		};
/* End PBXNativeTarget section */

/* Begin PBXProject section */
		89F94B0D1F9E6AAE00B82D44 /* Project object */ = {
			isa = PBXProject;
			attributes = {
				LastSwiftUpdateCheck = 0900;
				LastUpgradeCheck = 0900;
				ORGANIZATIONNAME = "Sophie Traynor";
				TargetAttributes = {
					89F94B141F9E6AAE00B82D44 = {
						CreatedOnToolsVersion = 9.0.1;
						ProvisioningStyle = Automatic;
					};
				};
			};
			buildConfigurationList = 89F94B101F9E6AAE00B82D44 /* Build configuration list for PBXProject "CodingMadeEasyProject" */;
			compatibilityVersion = "Xcode 8.0";
			developmentRegion = en;
			hasScannedForEncodings = 0;
			knownRegions = (
				en,
				Base,
			);
			mainGroup = 89F94B0C1F9E6AAE00B82D44;
			productRefGroup = 89F94B161F9E6AAE00B82D44 /* Products */;
			projectDirPath = "";
			projectRoot = "";
			targets = (
				89F94B141F9E6AAE00B82D44 /* CodingMadeEasyProject */,
			);
		};
/* End PBXProject section */

/* Begin PBXResourcesBuildPhase section */
		89F94B131F9E6AAE00B82D44 /* Resources */ = {
			isa = PBXResourcesBuildPhase;
			buildActionMask = 2147483647;
			files = (
				8951058D2020A1DC0056ED78 /* sampleAudio.mp3 in Resources */,
				8910C4F8207194FD009E5BC7 /* lesson1.mp4 in Resources */,
				895E206C20208CC300152F9F /* sampleVideo.mp4 in Resources */,
				89F94B231F9E6AAE00B82D44 /* LaunchScreen.storyboard in Resources */,
				89F94B201F9E6AAE00B82D44 /* Assets.xcassets in Resources */,
				89F94B2B1F9E6B0000B82D44 /* earwig-factory.regular.ttf in Resources */,
				89F94B1E1F9E6AAE00B82D44 /* Main.storyboard in Resources */,
				893137E0207158FD001DA238 /* lesson1.mp3 in Resources */,
				89F94B2E1F9E917000B82D44 /* GoogleService-Info.plist in Resources */,
			);
			runOnlyForDeploymentPostprocessing = 0;
		};
/* End PBXResourcesBuildPhase section */

/* Begin PBXShellScriptBuildPhase section */
		5CEB37A16198FAFFF855C81A /* [CP] Embed Pods Frameworks */ = {
			isa = PBXShellScriptBuildPhase;
			buildActionMask = 2147483647;
			files = (
			);
			inputPaths = (
				"${SRCROOT}/Pods/Target Support Files/Pods-CodingMadeEasyProject/Pods-CodingMadeEasyProject-frameworks.sh",
				"${BUILT_PRODUCTS_DIR}/GTMSessionFetcher/GTMSessionFetcher.framework",
				"${BUILT_PRODUCTS_DIR}/GoogleToolboxForMac/GoogleToolboxForMac.framework",
				"${BUILT_PRODUCTS_DIR}/leveldb-library/leveldb.framework",
				"${BUILT_PRODUCTS_DIR}/nanopb/nanopb.framework",
			);
			name = "[CP] Embed Pods Frameworks";
			outputPaths = (
				"${TARGET_BUILD_DIR}/${FRAMEWORKS_FOLDER_PATH}/GTMSessionFetcher.framework",
				"${TARGET_BUILD_DIR}/${FRAMEWORKS_FOLDER_PATH}/GoogleToolboxForMac.framework",
				"${TARGET_BUILD_DIR}/${FRAMEWORKS_FOLDER_PATH}/leveldb.framework",
				"${TARGET_BUILD_DIR}/${FRAMEWORKS_FOLDER_PATH}/nanopb.framework",
			);
			runOnlyForDeploymentPostprocessing = 0;
			shellPath = /bin/sh;
			shellScript = "\"${SRCROOT}/Pods/Target Support Files/Pods-CodingMadeEasyProject/Pods-CodingMadeEasyProject-frameworks.sh\"\n";
			showEnvVarsInLog = 0;
		};
		726E4E52F549FFF1E7BFB110 /* [CP] Check Pods Manifest.lock */ = {
			isa = PBXShellScriptBuildPhase;
			buildActionMask = 2147483647;
			files = (
			);
			inputPaths = (
				"${PODS_PODFILE_DIR_PATH}/Podfile.lock",
				"${PODS_ROOT}/Manifest.lock",
			);
			name = "[CP] Check Pods Manifest.lock";
			outputPaths = (
				"$(DERIVED_FILE_DIR)/Pods-CodingMadeEasyProject-checkManifestLockResult.txt",
			);
			runOnlyForDeploymentPostprocessing = 0;
			shellPath = /bin/sh;
			shellScript = "diff \"${PODS_PODFILE_DIR_PATH}/Podfile.lock\" \"${PODS_ROOT}/Manifest.lock\" > /dev/null\nif [ $? != 0 ] ; then\n    # print error to STDERR\n    echo \"error: The sandbox is not in sync with the Podfile.lock. Run 'pod install' or update your CocoaPods installation.\" >&2\n    exit 1\nfi\n# This output is used by Xcode 'outputs' to avoid re-running this script phase.\necho \"SUCCESS\" > \"${SCRIPT_OUTPUT_FILE_0}\"\n";
			showEnvVarsInLog = 0;
		};
		ADE57EB8A7C27F66C3F71B69 /* [CP] Copy Pods Resources */ = {
			isa = PBXShellScriptBuildPhase;
			buildActionMask = 2147483647;
			files = (
			);
			inputPaths = (
			);
			name = "[CP] Copy Pods Resources";
			outputPaths = (
			);
			runOnlyForDeploymentPostprocessing = 0;
			shellPath = /bin/sh;
			shellScript = "\"${SRCROOT}/Pods/Target Support Files/Pods-CodingMadeEasyProject/Pods-CodingMadeEasyProject-resources.sh\"\n";
			showEnvVarsInLog = 0;
		};
/* End PBXShellScriptBuildPhase section */

/* Begin PBXSourcesBuildPhase section */
		89F94B111F9E6AAE00B82D44 /* Sources */ = {
			isa = PBXSourcesBuildPhase;
			buildActionMask = 2147483647;
			files = (
				895E2060201F8D8000152F9F /* IndividualLessonsVC.swift in Sources */,
				8921F49C1FA10B5600A2F639 /* HomeVC.swift in Sources */,
				895E2067201FC0D600152F9F /* WatchVC.swift in Sources */,
				89FF36BA2073CFBF00F80C34 /* ViewPostCommentsTableViewCell.swift in Sources */,
				89B048B61FF50F440019A304 /* SettingsVC.swift in Sources */,
				89580DDF2016045F00E45FC8 /* ForumTableViewCell.swift in Sources */,
				89F94B1B1F9E6AAE00B82D44 /* LoginVC.swift in Sources */,
				890C18E8201F419F00216E88 /* FeedbackVC.swift in Sources */,
				8922B055200E2771000BFF34 /* Lesson.swift in Sources */,
				89E35C962073DF370046BE43 /* Comment.swift in Sources */,
				89294A6A201A445C007E5A6B /* WritePostVC.swift in Sources */,
				89B048B81FF50F5E0019A304 /* ForumVC.swift in Sources */,
				89E2D7452014C0C600C9AFA3 /* FAQVC.swift in Sources */,
				8922B057200E297A000BFF34 /* LessonTableViewCell.swift in Sources */,
				89294A6C201A46BC007E5A6B /* ViewPostVC.swift in Sources */,
				895E2063201FC0B700152F9F /* ReadVC.swift in Sources */,
				895E2069201FC0E000152F9F /* DoVC.swift in Sources */,
				89B048BA1FF50F880019A304 /* LessonsVC.swift in Sources */,
				89B048BD1FF52CE70019A304 /* CompleteSignupVC.swift in Sources */,
				895E2065201FC0C700152F9F /* ListenVC.swift in Sources */,
				89F94B191F9E6AAE00B82D44 /* AppDelegate.swift in Sources */,
				8910C4FD20724029009E5BC7 /* Post.swift in Sources */,
			);
			runOnlyForDeploymentPostprocessing = 0;
		};
/* End PBXSourcesBuildPhase section */

/* Begin PBXVariantGroup section */
		89F94B1C1F9E6AAE00B82D44 /* Main.storyboard */ = {
			isa = PBXVariantGroup;
			children = (
				89F94B1D1F9E6AAE00B82D44 /* Base */,
			);
			name = Main.storyboard;
			sourceTree = "<group>";
		};
		89F94B211F9E6AAE00B82D44 /* LaunchScreen.storyboard */ = {
			isa = PBXVariantGroup;
			children = (
				89F94B221F9E6AAE00B82D44 /* Base */,
			);
			name = LaunchScreen.storyboard;
			sourceTree = "<group>";
		};
/* End PBXVariantGroup section */

/* Begin XCBuildConfiguration section */
		89F94B251F9E6AAE00B82D44 /* Debug */ = {
			isa = XCBuildConfiguration;
			buildSettings = {
				ALWAYS_SEARCH_USER_PATHS = NO;
				CLANG_ANALYZER_NONNULL = YES;
				CLANG_ANALYZER_NUMBER_OBJECT_CONVERSION = YES_AGGRESSIVE;
				CLANG_CXX_LANGUAGE_STANDARD = "gnu++14";
				CLANG_CXX_LIBRARY = "libc++";
				CLANG_ENABLE_MODULES = YES;
				CLANG_ENABLE_OBJC_ARC = YES;
				CLANG_WARN_BLOCK_CAPTURE_AUTORELEASING = YES;
				CLANG_WARN_BOOL_CONVERSION = YES;
				CLANG_WARN_COMMA = YES;
				CLANG_WARN_CONSTANT_CONVERSION = YES;
				CLANG_WARN_DIRECT_OBJC_ISA_USAGE = YES_ERROR;
				CLANG_WARN_DOCUMENTATION_COMMENTS = YES;
				CLANG_WARN_EMPTY_BODY = YES;
				CLANG_WARN_ENUM_CONVERSION = YES;
				CLANG_WARN_INFINITE_RECURSION = YES;
				CLANG_WARN_INT_CONVERSION = YES;
				CLANG_WARN_NON_LITERAL_NULL_CONVERSION = YES;
				CLANG_WARN_OBJC_LITERAL_CONVERSION = YES;
				CLANG_WARN_OBJC_ROOT_CLASS = YES_ERROR;
				CLANG_WARN_RANGE_LOOP_ANALYSIS = YES;
				CLANG_WARN_STRICT_PROTOTYPES = YES;
				CLANG_WARN_SUSPICIOUS_MOVE = YES;
				CLANG_WARN_UNGUARDED_AVAILABILITY = YES_AGGRESSIVE;
				CLANG_WARN_UNREACHABLE_CODE = YES;
				CLANG_WARN__DUPLICATE_METHOD_MATCH = YES;
				CODE_SIGN_IDENTITY = "iPhone Developer";
				COPY_PHASE_STRIP = NO;
				DEBUG_INFORMATION_FORMAT = dwarf;
				ENABLE_STRICT_OBJC_MSGSEND = YES;
				ENABLE_TESTABILITY = YES;
				GCC_C_LANGUAGE_STANDARD = gnu11;
				GCC_DYNAMIC_NO_PIC = NO;
				GCC_NO_COMMON_BLOCKS = YES;
				GCC_OPTIMIZATION_LEVEL = 0;
				GCC_PREPROCESSOR_DEFINITIONS = (
					"DEBUG=1",
					"$(inherited)",
				);
				GCC_WARN_64_TO_32_BIT_CONVERSION = YES;
				GCC_WARN_ABOUT_RETURN_TYPE = YES_ERROR;
				GCC_WARN_UNDECLARED_SELECTOR = YES;
				GCC_WARN_UNINITIALIZED_AUTOS = YES_AGGRESSIVE;
				GCC_WARN_UNUSED_FUNCTION = YES;
				GCC_WARN_UNUSED_VARIABLE = YES;
				IPHONEOS_DEPLOYMENT_TARGET = 11.1;
				MTL_ENABLE_DEBUG_INFO = YES;
				ONLY_ACTIVE_ARCH = YES;
				SDKROOT = iphoneos;
				SWIFT_ACTIVE_COMPILATION_CONDITIONS = DEBUG;
				SWIFT_OPTIMIZATION_LEVEL = "-Onone";
			};
			name = Debug;
		};
		89F94B261F9E6AAE00B82D44 /* Release */ = {
			isa = XCBuildConfiguration;
			buildSettings = {
				ALWAYS_SEARCH_USER_PATHS = NO;
				CLANG_ANALYZER_NONNULL = YES;
				CLANG_ANALYZER_NUMBER_OBJECT_CONVERSION = YES_AGGRESSIVE;
				CLANG_CXX_LANGUAGE_STANDARD = "gnu++14";
				CLANG_CXX_LIBRARY = "libc++";
				CLANG_ENABLE_MODULES = YES;
				CLANG_ENABLE_OBJC_ARC = YES;
				CLANG_WARN_BLOCK_CAPTURE_AUTORELEASING = YES;
				CLANG_WARN_BOOL_CONVERSION = YES;
				CLANG_WARN_COMMA = YES;
				CLANG_WARN_CONSTANT_CONVERSION = YES;
				CLANG_WARN_DIRECT_OBJC_ISA_USAGE = YES_ERROR;
				CLANG_WARN_DOCUMENTATION_COMMENTS = YES;
				CLANG_WARN_EMPTY_BODY = YES;
				CLANG_WARN_ENUM_CONVERSION = YES;
				CLANG_WARN_INFINITE_RECURSION = YES;
				CLANG_WARN_INT_CONVERSION = YES;
				CLANG_WARN_NON_LITERAL_NULL_CONVERSION = YES;
				CLANG_WARN_OBJC_LITERAL_CONVERSION = YES;
				CLANG_WARN_OBJC_ROOT_CLASS = YES_ERROR;
				CLANG_WARN_RANGE_LOOP_ANALYSIS = YES;
				CLANG_WARN_STRICT_PROTOTYPES = YES;
				CLANG_WARN_SUSPICIOUS_MOVE = YES;
				CLANG_WARN_UNGUARDED_AVAILABILITY = YES_AGGRESSIVE;
				CLANG_WARN_UNREACHABLE_CODE = YES;
				CLANG_WARN__DUPLICATE_METHOD_MATCH = YES;
				CODE_SIGN_IDENTITY = "iPhone Developer";
				COPY_PHASE_STRIP = NO;
				DEBUG_INFORMATION_FORMAT = "dwarf-with-dsym";
				ENABLE_NS_ASSERTIONS = NO;
				ENABLE_STRICT_OBJC_MSGSEND = YES;
				GCC_C_LANGUAGE_STANDARD = gnu11;
				GCC_NO_COMMON_BLOCKS = YES;
				GCC_WARN_64_TO_32_BIT_CONVERSION = YES;
				GCC_WARN_ABOUT_RETURN_TYPE = YES_ERROR;
				GCC_WARN_UNDECLARED_SELECTOR = YES;
				GCC_WARN_UNINITIALIZED_AUTOS = YES_AGGRESSIVE;
				GCC_WARN_UNUSED_FUNCTION = YES;
				GCC_WARN_UNUSED_VARIABLE = YES;
				IPHONEOS_DEPLOYMENT_TARGET = 11.1;
				MTL_ENABLE_DEBUG_INFO = NO;
				SDKROOT = iphoneos;
				SWIFT_OPTIMIZATION_LEVEL = "-Owholemodule";
				VALIDATE_PRODUCT = YES;
			};
			name = Release;
		};
		89F94B281F9E6AAE00B82D44 /* Debug */ = {
			isa = XCBuildConfiguration;
			baseConfigurationReference = 093188470B553A5199259F34 /* Pods-CodingMadeEasyProject.debug.xcconfig */;
			buildSettings = {
				ASSETCATALOG_COMPILER_APPICON_NAME = AppIcon;
				CODE_SIGN_STYLE = Automatic;
				DEVELOPMENT_TEAM = ZC337WJBMX;
				INFOPLIST_FILE = CodingMadeEasyProject/Info.plist;
				IPHONEOS_DEPLOYMENT_TARGET = 11.1;
				LD_RUNPATH_SEARCH_PATHS = "$(inherited) @executable_path/Frameworks";
				PRODUCT_BUNDLE_IDENTIFIER = "com.sophie-traynor.CodingMadeEasyProject";
				PRODUCT_NAME = "$(TARGET_NAME)";
				SWIFT_VERSION = 4.0;
				TARGETED_DEVICE_FAMILY = "1,2";
			};
			name = Debug;
		};
		89F94B291F9E6AAE00B82D44 /* Release */ = {
			isa = XCBuildConfiguration;
			baseConfigurationReference = 8812A6F1CF2ED428023DD8A2 /* Pods-CodingMadeEasyProject.release.xcconfig */;
			buildSettings = {
				ASSETCATALOG_COMPILER_APPICON_NAME = AppIcon;
				CODE_SIGN_STYLE = Automatic;
				DEVELOPMENT_TEAM = ZC337WJBMX;
				INFOPLIST_FILE = CodingMadeEasyProject/Info.plist;
				IPHONEOS_DEPLOYMENT_TARGET = 11.1;
				LD_RUNPATH_SEARCH_PATHS = "$(inherited) @executable_path/Frameworks";
				PRODUCT_BUNDLE_IDENTIFIER = "com.sophie-traynor.CodingMadeEasyProject";
				PRODUCT_NAME = "$(TARGET_NAME)";
				SWIFT_VERSION = 4.0;
				TARGETED_DEVICE_FAMILY = "1,2";
			};
			name = Release;
		};
/* End XCBuildConfiguration section */

/* Begin XCConfigurationList section */
		89F94B101F9E6AAE00B82D44 /* Build configuration list for PBXProject "CodingMadeEasyProject" */ = {
			isa = XCConfigurationList;
			buildConfigurations = (
				89F94B251F9E6AAE00B82D44 /* Debug */,
				89F94B261F9E6AAE00B82D44 /* Release */,
			);
			defaultConfigurationIsVisible = 0;
			defaultConfigurationName = Release;
		};
		89F94B271F9E6AAE00B82D44 /* Build configuration list for PBXNativeTarget "CodingMadeEasyProject" */ = {
			isa = XCConfigurationList;
			buildConfigurations = (
				89F94B281F9E6AAE00B82D44 /* Debug */,
				89F94B291F9E6AAE00B82D44 /* Release */,
			);
			defaultConfigurationIsVisible = 0;
			defaultConfigurationName = Release;
		};
/* End XCConfigurationList section */
	};
	rootObject = 89F94B0D1F9E6AAE00B82D44 /* Project object */;
}
